
Microsoft Visual Studio Solution File, Format Version 12.00
# Visual Studio Version 17
VisualStudioVersion = 17.11.35312.102
MinimumVisualStudioVersion = 10.0.40219.1
Project("{FAE04EC0-301F-11D3-BF4B-00C04F79EFBC}") = "Authentication", "Authentication\Authentication.csproj", "{D381A08E-86E5-4CCD-91B5-5AD79603ABEA}"
EndProject
Global
	GlobalSection(SolutionConfigurationPlatforms) = preSolution
		Debug|Any CPU = Debug|Any CPU
		Release|Any CPU = Release|Any CPU
	EndGlobalSection
	GlobalSection(ProjectConfigurationPlatforms) = postSolution
		{D381A08E-86E5-4CCD-91B5-5AD79603ABEA}.Debug|Any CPU.ActiveCfg = Debug|Any CPU
		{D381A08E-86E5-4CCD-91B5-5AD79603ABEA}.Debug|Any CPU.Build.0 = Debug|Any CPU
		{D381A08E-86E5-4CCD-91B5-5AD79603ABEA}.Release|Any CPU.ActiveCfg = Release|Any CPU
		{D381A08E-86E5-4CCD-91B5-5AD79603ABEA}.Release|Any CPU.Build.0 = Release|Any CPU
	EndGlobalSection
	GlobalSection(SolutionProperties) = preSolution
		HideSolutionNode = FALSE
	EndGlobalSection
	GlobalSection(ExtensibilityGlobals) = postSolution
		SolutionGuid = {2F4855ED-4B0D-4B4B-AA86-9AE15EB5086F}
	EndGlobalSection
EndGlobal
